// !$*UTF8*$!
{
	archiveVersion = 1;
	classes = {
	};
	objectVersion = 50;
	objects = {

/* Begin PBXBuildFile section */
		581E8BDB244D7D6200B62527 /* AppDelegate.swift in Sources */ = {isa = PBXBuildFile; fileRef = 581E8BDA244D7D6200B62527 /* AppDelegate.swift */; };
		581E8BDD244D7D6200B62527 /* SceneDelegate.swift in Sources */ = {isa = PBXBuildFile; fileRef = 581E8BDC244D7D6200B62527 /* SceneDelegate.swift */; };
		581E8BDF244D7D6200B62527 /* ViewController.swift in Sources */ = {isa = PBXBuildFile; fileRef = 581E8BDE244D7D6200B62527 /* ViewController.swift */; };
		581E8BE2244D7D6200B62527 /* Main.storyboard in Resources */ = {isa = PBXBuildFile; fileRef = 581E8BE0244D7D6200B62527 /* Main.storyboard */; };
		581E8BE4244D7D6400B62527 /* Assets.xcassets in Resources */ = {isa = PBXBuildFile; fileRef = 581E8BE3244D7D6400B62527 /* Assets.xcassets */; };
		581E8BE7244D7D6400B62527 /* LaunchScreen.storyboard in Resources */ = {isa = PBXBuildFile; fileRef = 581E8BE5244D7D6400B62527 /* LaunchScreen.storyboard */; };
		581E8BEF244D859500B62527 /* MainTableViewCell.swift in Sources */ = {isa = PBXBuildFile; fileRef = 581E8BEE244D859500B62527 /* MainTableViewCell.swift */; };
		581E8BF1244D8C8600B62527 /* MainCollectionViewCell.swift in Sources */ = {isa = PBXBuildFile; fileRef = 581E8BF0244D8C8600B62527 /* MainCollectionViewCell.swift */; };
		581E8BF3244D8F1B00B62527 /* TitleTableViewCell.swift in Sources */ = {isa = PBXBuildFile; fileRef = 581E8BF2244D8F1B00B62527 /* TitleTableViewCell.swift */; };
		581E8BFB244D9E0800B62527 /* SmallTitleTableViewCell.swift in Sources */ = {isa = PBXBuildFile; fileRef = 581E8BFA244D9E0800B62527 /* SmallTitleTableViewCell.swift */; };
		581E8C01244EBD5000B62527 /* PhilosophyViewController.swift in Sources */ = {isa = PBXBuildFile; fileRef = 581E8C00244EBD5000B62527 /* PhilosophyViewController.swift */; };
		581E8C03244EBEC700B62527 /* PhilosophyCollectionViewCell.swift in Sources */ = {isa = PBXBuildFile; fileRef = 581E8C02244EBEC700B62527 /* PhilosophyCollectionViewCell.swift */; };
/* End PBXBuildFile section */

/* Begin PBXFileReference section */
		581E8BD7244D7D6200B62527 /* Soccer Theory.app */ = {isa = PBXFileReference; explicitFileType = wrapper.application; includeInIndex = 0; path = "Soccer Theory.app"; sourceTree = BUILT_PRODUCTS_DIR; };
		581E8BDA244D7D6200B62527 /* AppDelegate.swift */ = {isa = PBXFileReference; lastKnownFileType = sourcecode.swift; path = AppDelegate.swift; sourceTree = "<group>"; };
		581E8BDC244D7D6200B62527 /* SceneDelegate.swift */ = {isa = PBXFileReference; lastKnownFileType = sourcecode.swift; path = SceneDelegate.swift; sourceTree = "<group>"; };
		581E8BDE244D7D6200B62527 /* ViewController.swift */ = {isa = PBXFileReference; lastKnownFileType = sourcecode.swift; path = ViewController.swift; sourceTree = "<group>"; };
		581E8BE1244D7D6200B62527 /* Base */ = {isa = PBXFileReference; lastKnownFileType = file.storyboard; name = Base; path = Base.lproj/Main.storyboard; sourceTree = "<group>"; };
		581E8BE3244D7D6400B62527 /* Assets.xcassets */ = {isa = PBXFileReference; lastKnownFileType = folder.assetcatalog; path = Assets.xcassets; sourceTree = "<group>"; };
		581E8BE6244D7D6400B62527 /* Base */ = {isa = PBXFileReference; lastKnownFileType = file.storyboard; name = Base; path = Base.lproj/LaunchScreen.storyboard; sourceTree = "<group>"; };
		581E8BE8244D7D6400B62527 /* Info.plist */ = {isa = PBXFileReference; lastKnownFileType = text.plist.xml; path = Info.plist; sourceTree = "<group>"; };
		581E8BEE244D859500B62527 /* MainTableViewCell.swift */ = {isa = PBXFileReference; lastKnownFileType = sourcecode.swift; path = MainTableViewCell.swift; sourceTree = "<group>"; };
		581E8BF0244D8C8600B62527 /* MainCollectionViewCell.swift */ = {isa = PBXFileReference; lastKnownFileType = sourcecode.swift; path = MainCollectionViewCell.swift; sourceTree = "<group>"; };
		581E8BF2244D8F1B00B62527 /* TitleTableViewCell.swift */ = {isa = PBXFileReference; lastKnownFileType = sourcecode.swift; path = TitleTableViewCell.swift; sourceTree = "<group>"; };
		581E8BFA244D9E0800B62527 /* SmallTitleTableViewCell.swift */ = {isa = PBXFileReference; lastKnownFileType = sourcecode.swift; path = SmallTitleTableViewCell.swift; sourceTree = "<group>"; };
		581E8C00244EBD5000B62527 /* PhilosophyViewController.swift */ = {isa = PBXFileReference; lastKnownFileType = sourcecode.swift; path = PhilosophyViewController.swift; sourceTree = "<group>"; };
		581E8C02244EBEC700B62527 /* PhilosophyCollectionViewCell.swift */ = {isa = PBXFileReference; lastKnownFileType = sourcecode.swift; path = PhilosophyCollectionViewCell.swift; sourceTree = "<group>"; };
/* End PBXFileReference section */

/* Begin PBXFrameworksBuildPhase section */
		581E8BD4244D7D6200B62527 /* Frameworks */ = {
			isa = PBXFrameworksBuildPhase;
			buildActionMask = 2147483647;
			files = (
			);
			runOnlyForDeploymentPostprocessing = 0;
		};
/* End PBXFrameworksBuildPhase section */

/* Begin PBXGroup section */
		581E8BCE244D7D6200B62527 = {
			isa = PBXGroup;
			children = (
				581E8BE0244D7D6200B62527 /* Main.storyboard */,
				581E8BE3244D7D6400B62527 /* Assets.xcassets */,
				581E8BD9244D7D6200B62527 /* Soccer Theory */,
				581E8BD8244D7D6200B62527 /* Products */,
			);
			sourceTree = "<group>";
		};
		581E8BD8244D7D6200B62527 /* Products */ = {
			isa = PBXGroup;
			children = (
				581E8BD7244D7D6200B62527 /* Soccer Theory.app */,
			);
			name = Products;
			sourceTree = "<group>";
		};
		581E8BD9244D7D6200B62527 /* Soccer Theory */ = {
			isa = PBXGroup;
			children = (
				581E8BFD244EBD0100B62527 /* Philosophy */,
				581E8BFC244EBC4900B62527 /* SoccerTheory */,
				581E8BDA244D7D6200B62527 /* AppDelegate.swift */,
				581E8BDC244D7D6200B62527 /* SceneDelegate.swift */,
				581E8BE5244D7D6400B62527 /* LaunchScreen.storyboard */,
				581E8BE8244D7D6400B62527 /* Info.plist */,
			);
			path = "Soccer Theory";
			sourceTree = "<group>";
		};
		581E8BFC244EBC4900B62527 /* SoccerTheory */ = {
			isa = PBXGroup;
			children = (
				581E8BDE244D7D6200B62527 /* ViewController.swift */,
				581E8BF2244D8F1B00B62527 /* TitleTableViewCell.swift */,
				581E8BFA244D9E0800B62527 /* SmallTitleTableViewCell.swift */,
				581E8BEE244D859500B62527 /* MainTableViewCell.swift */,
				581E8BF0244D8C8600B62527 /* MainCollectionViewCell.swift */,
			);
			path = SoccerTheory;
			sourceTree = "<group>";
		};
		581E8BFD244EBD0100B62527 /* Philosophy */ = {
			isa = PBXGroup;
			children = (
				581E8C00244EBD5000B62527 /* PhilosophyViewController.swift */,
				581E8C02244EBEC700B62527 /* PhilosophyCollectionViewCell.swift */,
			);
			path = Philosophy;
			sourceTree = "<group>";
		};
/* End PBXGroup section */

/* Begin PBXNativeTarget section */
		581E8BD6244D7D6200B62527 /* Soccer Theory */ = {
			isa = PBXNativeTarget;
			buildConfigurationList = 581E8BEB244D7D6400B62527 /* Build configuration list for PBXNativeTarget "Soccer Theory" */;
			buildPhases = (
				581E8BD3244D7D6200B62527 /* Sources */,
				581E8BD4244D7D6200B62527 /* Frameworks */,
				581E8BD5244D7D6200B62527 /* Resources */,
			);
			buildRules = (
			);
			dependencies = (
			);
			name = "Soccer Theory";
			productName = "Soccer Theory";
			productReference = 581E8BD7244D7D6200B62527 /* Soccer Theory.app */;
			productType = "com.apple.product-type.application";
		};
/* End PBXNativeTarget section */

/* Begin PBXProject section */
		581E8BCF244D7D6200B62527 /* Project object */ = {
			isa = PBXProject;
			attributes = {
				LastSwiftUpdateCheck = 1120;
				LastUpgradeCheck = 1120;
				ORGANIZATIONNAME = "Rush Farinella";
				TargetAttributes = {
					581E8BD6244D7D6200B62527 = {
						CreatedOnToolsVersion = 11.2.1;
					};
				};
			};
			buildConfigurationList = 581E8BD2244D7D6200B62527 /* Build configuration list for PBXProject "Soccer Theory" */;
			compatibilityVersion = "Xcode 9.3";
			developmentRegion = en;
			hasScannedForEncodings = 0;
			knownRegions = (
				en,
				Base,
			);
			mainGroup = 581E8BCE244D7D6200B62527;
			productRefGroup = 581E8BD8244D7D6200B62527 /* Products */;
			projectDirPath = "";
			projectRoot = "";
			targets = (
				581E8BD6244D7D6200B62527 /* Soccer Theory */,
			);
		};
/* End PBXProject section */

/* Begin PBXResourcesBuildPhase section */
		581E8BD5244D7D6200B62527 /* Resources */ = {
			isa = PBXResourcesBuildPhase;
			buildActionMask = 2147483647;
			files = (
				581E8BE7244D7D6400B62527 /* LaunchScreen.storyboard in Resources */,
				581E8BE4244D7D6400B62527 /* Assets.xcassets in Resources */,
				581E8BE2244D7D6200B62527 /* Main.storyboard in Resources */,
			);
			runOnlyForDeploymentPostprocessing = 0;
		};
/* End PBXResourcesBuildPhase section */

/* Begin PBXSourcesBuildPhase section */
		581E8BD3244D7D6200B62527 /* Sources */ = {
			isa = PBXSourcesBuildPhase;
			buildActionMask = 2147483647;
			files = (
				581E8BDF244D7D6200B62527 /* ViewController.swift in Sources */,
				581E8BDB244D7D6200B62527 /* AppDelegate.swift in Sources */,
				581E8BF1244D8C8600B62527 /* MainCollectionViewCell.swift in Sources */,
				581E8BFB244D9E0800B62527 /* SmallTitleTableViewCell.swift in Sources */,
				581E8C03244EBEC700B62527 /* PhilosophyCollectionViewCell.swift in Sources */,
				581E8BEF244D859500B62527 /* MainTableViewCell.swift in Sources */,
				581E8BF3244D8F1B00B62527 /* TitleTableViewCell.swift in Sources */,
				581E8BDD244D7D6200B62527 /* SceneDelegate.swift in Sources */,
				581E8C01244EBD5000B62527 /* PhilosophyViewController.swift in Sources */,
			);
			runOnlyForDeploymentPostprocessing = 0;
		};
/* End PBXSourcesBuildPhase section */

/* Begin PBXVariantGroup section */
		581E8BE0244D7D6200B62527 /* Main.storyboard */ = {
			isa = PBXVariantGroup;
			children = (
				581E8BE1244D7D6200B62527 /* Base */,
			);
			name = Main.storyboard;
			sourceTree = "<group>";
		};
		581E8BE5244D7D6400B62527 /* LaunchScreen.storyboard */ = {
			isa = PBXVariantGroup;
			children = (
				581E8BE6244D7D6400B62527 /* Base */,
			);
			name = LaunchScreen.storyboard;
			sourceTree = "<group>";
		};
/* End PBXVariantGroup section */

/* Begin XCBuildConfiguration section */
		581E8BE9244D7D6400B62527 /* Debug */ = {
			isa = XCBuildConfiguration;
			buildSettings = {
				ALWAYS_SEARCH_USER_PATHS = NO;
				CLANG_ANALYZER_NONNULL = YES;
				CLANG_ANALYZER_NUMBER_OBJECT_CONVERSION = YES_AGGRESSIVE;
				CLANG_CXX_LANGUAGE_STANDARD = "gnu++14";
				CLANG_CXX_LIBRARY = "libc++";
				CLANG_ENABLE_MODULES = YES;
				CLANG_ENABLE_OBJC_ARC = YES;
				CLANG_ENABLE_OBJC_WEAK = YES;
				CLANG_WARN_BLOCK_CAPTURE_AUTORELEASING = YES;
				CLANG_WARN_BOOL_CONVERSION = YES;
				CLANG_WARN_COMMA = YES;
				CLANG_WARN_CONSTANT_CONVERSION = YES;
				CLANG_WARN_DEPRECATED_OBJC_IMPLEMENTATIONS = YES;
				CLANG_WARN_DIRECT_OBJC_ISA_USAGE = YES_ERROR;
				CLANG_WARN_DOCUMENTATION_COMMENTS = YES;
				CLANG_WARN_EMPTY_BODY = YES;
				CLANG_WARN_ENUM_CONVERSION = YES;
				CLANG_WARN_INFINITE_RECURSION = YES;
				CLANG_WARN_INT_CONVERSION = YES;
				CLANG_WARN_NON_LITERAL_NULL_CONVERSION = YES;
				CLANG_WARN_OBJC_IMPLICIT_RETAIN_SELF = YES;
				CLANG_WARN_OBJC_LITERAL_CONVERSION = YES;
				CLANG_WARN_OBJC_ROOT_CLASS = YES_ERROR;
				CLANG_WARN_RANGE_LOOP_ANALYSIS = YES;
				CLANG_WARN_STRICT_PROTOTYPES = YES;
				CLANG_WARN_SUSPICIOUS_MOVE = YES;
				CLANG_WARN_UNGUARDED_AVAILABILITY = YES_AGGRESSIVE;
				CLANG_WARN_UNREACHABLE_CODE = YES;
				CLANG_WARN__DUPLICATE_METHOD_MATCH = YES;
				COPY_PHASE_STRIP = NO;
				DEBUG_INFORMATION_FORMAT = dwarf;
				ENABLE_STRICT_OBJC_MSGSEND = YES;
				ENABLE_TESTABILITY = YES;
				GCC_C_LANGUAGE_STANDARD = gnu11;
				GCC_DYNAMIC_NO_PIC = NO;
				GCC_NO_COMMON_BLOCKS = YES;
				GCC_OPTIMIZATION_LEVEL = 0;
				GCC_PREPROCESSOR_DEFINITIONS = (
					"DEBUG=1",
					"$(inherited)",
				);
				GCC_WARN_64_TO_32_BIT_CONVERSION = YES;
				GCC_WARN_ABOUT_RETURN_TYPE = YES_ERROR;
				GCC_WARN_UNDECLARED_SELECTOR = YES;
				GCC_WARN_UNINITIALIZED_AUTOS = YES_AGGRESSIVE;
				GCC_WARN_UNUSED_FUNCTION = YES;
				GCC_WARN_UNUSED_VARIABLE = YES;
				IPHONEOS_DEPLOYMENT_TARGET = 13.2;
				MTL_ENABLE_DEBUG_INFO = INCLUDE_SOURCE;
				MTL_FAST_MATH = YES;
				ONLY_ACTIVE_ARCH = YES;
				SDKROOT = iphoneos;
				SWIFT_ACTIVE_COMPILATION_CONDITIONS = DEBUG;
				SWIFT_OPTIMIZATION_LEVEL = "-Onone";
			};
			name = Debug;
		};
		581E8BEA244D7D6400B62527 /* Release */ = {
			isa = XCBuildConfiguration;
			buildSettings = {
				ALWAYS_SEARCH_USER_PATHS = NO;
				CLANG_ANALYZER_NONNULL = YES;
				CLANG_ANALYZER_NUMBER_OBJECT_CONVERSION = YES_AGGRESSIVE;
				CLANG_CXX_LANGUAGE_STANDARD = "gnu++14";
				CLANG_CXX_LIBRARY = "libc++";
				CLANG_ENABLE_MODULES = YES;
				CLANG_ENABLE_OBJC_ARC = YES;
				CLANG_ENABLE_OBJC_WEAK = YES;
				CLANG_WARN_BLOCK_CAPTURE_AUTORELEASING = YES;
				CLANG_WARN_BOOL_CONVERSION = YES;
				CLANG_WARN_COMMA = YES;
				CLANG_WARN_CONSTANT_CONVERSION = YES;
				CLANG_WARN_DEPRECATED_OBJC_IMPLEMENTATIONS = YES;
				CLANG_WARN_DIRECT_OBJC_ISA_USAGE = YES_ERROR;
				CLANG_WARN_DOCUMENTATION_COMMENTS = YES;
				CLANG_WARN_EMPTY_BODY = YES;
				CLANG_WARN_ENUM_CONVERSION = YES;
				CLANG_WARN_INFINITE_RECURSION = YES;
				CLANG_WARN_INT_CONVERSION = YES;
				CLANG_WARN_NON_LITERAL_NULL_CONVERSION = YES;
				CLANG_WARN_OBJC_IMPLICIT_RETAIN_SELF = YES;
				CLANG_WARN_OBJC_LITERAL_CONVERSION = YES;
				CLANG_WARN_OBJC_ROOT_CLASS = YES_ERROR;
				CLANG_WARN_RANGE_LOOP_ANALYSIS = YES;
				CLANG_WARN_STRICT_PROTOTYPES = YES;
				CLANG_WARN_SUSPICIOUS_MOVE = YES;
				CLANG_WARN_UNGUARDED_AVAILABILITY = YES_AGGRESSIVE;
				CLANG_WARN_UNREACHABLE_CODE = YES;
				CLANG_WARN__DUPLICATE_METHOD_MATCH = YES;
				COPY_PHASE_STRIP = NO;
				DEBUG_INFORMATION_FORMAT = "dwarf-with-dsym";
				ENABLE_NS_ASSERTIONS = NO;
				ENABLE_STRICT_OBJC_MSGSEND = YES;
				GCC_C_LANGUAGE_STANDARD = gnu11;
				GCC_NO_COMMON_BLOCKS = YES;
				GCC_WARN_64_TO_32_BIT_CONVERSION = YES;
				GCC_WARN_ABOUT_RETURN_TYPE = YES_ERROR;
				GCC_WARN_UNDECLARED_SELECTOR = YES;
				GCC_WARN_UNINITIALIZED_AUTOS = YES_AGGRESSIVE;
				GCC_WARN_UNUSED_FUNCTION = YES;
				GCC_WARN_UNUSED_VARIABLE = YES;
				IPHONEOS_DEPLOYMENT_TARGET = 13.2;
				MTL_ENABLE_DEBUG_INFO = NO;
				MTL_FAST_MATH = YES;
				SDKROOT = iphoneos;
				SWIFT_COMPILATION_MODE = wholemodule;
				SWIFT_OPTIMIZATION_LEVEL = "-O";
				VALIDATE_PRODUCT = YES;
			};
			name = Release;
		};
		581E8BEC244D7D6400B62527 /* Debug */ = {
			isa = XCBuildConfiguration;
			buildSettings = {
				ASSETCATALOG_COMPILER_APPICON_NAME = AppIcon;
				CODE_SIGN_STYLE = Automatic;
				DEVELOPMENT_TEAM = WU64V58548;
				INFOPLIST_FILE = "Soccer Theory/Info.plist";
				LD_RUNPATH_SEARCH_PATHS = (
					"$(inherited)",
					"@executable_path/Frameworks",
				);
				PRODUCT_BUNDLE_IDENTIFIER = "com.Rush.Soccer-Theory";
				PRODUCT_NAME = "$(TARGET_NAME)";
				SWIFT_VERSION = 5.0;
				TARGETED_DEVICE_FAMILY = "1,2";
			};
			name = Debug;
		};
		581E8BED244D7D6400B62527 /* Release */ = {
			isa = XCBuildConfiguration;
			buildSettings = {
				ASSETCATALOG_COMPILER_APPICON_NAME = AppIcon;
				CODE_SIGN_STYLE = Automatic;
				DEVELOPMENT_TEAM = WU64V58548;
				INFOPLIST_FILE = "Soccer Theory/Info.plist";
				LD_RUNPATH_SEARCH_PATHS = (
					"$(inherited)",
					"@executable_path/Frameworks",
				);
				PRODUCT_BUNDLE_IDENTIFIER = "com.Rush.Soccer-Theory";
				PRODUCT_NAME = "$(TARGET_NAME)";
				SWIFT_VERSION = 5.0;
				TARGETED_DEVICE_FAMILY = "1,2";
			};
			name = Release;
		};
/* End XCBuildConfiguration section */

/* Begin XCConfigurationList section */
		581E8BD2244D7D6200B62527 /* Build configuration list for PBXProject "Soccer Theory" */ = {
			isa = XCConfigurationList;
			buildConfigurations = (
				581E8BE9244D7D6400B62527 /* Debug */,
				581E8BEA244D7D6400B62527 /* Release */,
			);
			defaultConfigurationIsVisible = 0;
			defaultConfigurationName = Release;
		};
		581E8BEB244D7D6400B62527 /* Build configuration list for PBXNativeTarget "Soccer Theory" */ = {
			isa = XCConfigurationList;
			buildConfigurations = (
				581E8BEC244D7D6400B62527 /* Debug */,
				581E8BED244D7D6400B62527 /* Release */,
			);
			defaultConfigurationIsVisible = 0;
			defaultConfigurationName = Release;
		};
/* End XCConfigurationList section */
	};
	rootObject = 581E8BCF244D7D6200B62527 /* Project object */;
}
